
Microsoft Visual Studio Solution File, Format Version 12.00
# Visual Studio 15
VisualStudioVersion = 15.0.28307.489
MinimumVisualStudioVersion = 10.0.40219.1
Project("{FAE04EC0-301F-11D3-BF4B-00C04F79EFBC}") = "TeamMerge", "TeamMerge\TeamMerge.csproj", "{7CCDCB7F-253E-472A-8FC8-5548EDFED69D}"
EndProject
Project("{FAE04EC0-301F-11D3-BF4B-00C04F79EFBC}") = "TeamMerge.Tests", "TeamMerge.Tests\TeamMerge.Tests.csproj", "{22233151-0EB8-4D7E-866D-B1496395ABE5}"
EndProject
Project("{9A19103F-16F7-4668-BE54-9A1E7A4F7556}") = "Domain", "Domain\Domain.csproj", "{5DAD4C8A-6693-4A8C-95F2-C27F4224823C}"
EndProject
Project("{FAE04EC0-301F-11D3-BF4B-00C04F79EFBC}") = "Logic", "Logic\Logic.csproj", "{D46962B3-C7E3-4919-8711-BDD73EA5C3AA}"
EndProject
Project("{FAE04EC0-301F-11D3-BF4B-00C04F79EFBC}") = "LogicVS2017", "LogicVS2017\LogicVS2017.csproj", "{7F37744E-CD4A-47BF-8C6D-B1713FB19681}"
EndProject
Project("{FAE04EC0-301F-11D3-BF4B-00C04F79EFBC}") = "LogicVS2019", "LogicVS2019\LogicVS2019.csproj", "{3D402FBE-FB2B-40FA-B3AA-CF42EE3DF169}"
EndProject
Project("{FAE04EC0-301F-11D3-BF4B-00C04F79EFBC}") = "Shared", "Shared\Shared.csproj", "{E01C2E81-97D5-4813-AE0A-1C79733EAB4C}"
EndProject
Global
	GlobalSection(SolutionConfigurationPlatforms) = preSolution
		Debug|Any CPU = Debug|Any CPU
		Release|Any CPU = Release|Any CPU
	EndGlobalSection
	GlobalSection(ProjectConfigurationPlatforms) = postSolution
		{7CCDCB7F-253E-472A-8FC8-5548EDFED69D}.Debug|Any CPU.ActiveCfg = Debug|Any CPU
		{7CCDCB7F-253E-472A-8FC8-5548EDFED69D}.Debug|Any CPU.Build.0 = Debug|Any CPU
		{7CCDCB7F-253E-472A-8FC8-5548EDFED69D}.Release|Any CPU.ActiveCfg = Release|Any CPU
		{7CCDCB7F-253E-472A-8FC8-5548EDFED69D}.Release|Any CPU.Build.0 = Release|Any CPU
		{22233151-0EB8-4D7E-866D-B1496395ABE5}.Debug|Any CPU.ActiveCfg = Debug|Any CPU
		{22233151-0EB8-4D7E-866D-B1496395ABE5}.Debug|Any CPU.Build.0 = Debug|Any CPU
		{22233151-0EB8-4D7E-866D-B1496395ABE5}.Release|Any CPU.ActiveCfg = Release|Any CPU
		{22233151-0EB8-4D7E-866D-B1496395ABE5}.Release|Any CPU.Build.0 = Release|Any CPU
		{5DAD4C8A-6693-4A8C-95F2-C27F4224823C}.Debug|Any CPU.ActiveCfg = Debug|Any CPU
		{5DAD4C8A-6693-4A8C-95F2-C27F4224823C}.Debug|Any CPU.Build.0 = Debug|Any CPU
		{5DAD4C8A-6693-4A8C-95F2-C27F4224823C}.Release|Any CPU.ActiveCfg = Release|Any CPU
		{5DAD4C8A-6693-4A8C-95F2-C27F4224823C}.Release|Any CPU.Build.0 = Release|Any CPU
		{D46962B3-C7E3-4919-8711-BDD73EA5C3AA}.Debug|Any CPU.ActiveCfg = Debug|Any CPU
		{D46962B3-C7E3-4919-8711-BDD73EA5C3AA}.Debug|Any CPU.Build.0 = Debug|Any CPU
		{D46962B3-C7E3-4919-8711-BDD73EA5C3AA}.Release|Any CPU.ActiveCfg = Release|Any CPU
		{D46962B3-C7E3-4919-8711-BDD73EA5C3AA}.Release|Any CPU.Build.0 = Release|Any CPU
		{7F37744E-CD4A-47BF-8C6D-B1713FB19681}.Debug|Any CPU.ActiveCfg = Debug|Any CPU
		{7F37744E-CD4A-47BF-8C6D-B1713FB19681}.Debug|Any CPU.Build.0 = Debug|Any CPU
		{7F37744E-CD4A-47BF-8C6D-B1713FB19681}.Release|Any CPU.ActiveCfg = Release|Any CPU
		{7F37744E-CD4A-47BF-8C6D-B1713FB19681}.Release|Any CPU.Build.0 = Release|Any CPU
		{3D402FBE-FB2B-40FA-B3AA-CF42EE3DF169}.Debug|Any CPU.ActiveCfg = Debug|Any CPU
		{3D402FBE-FB2B-40FA-B3AA-CF42EE3DF169}.Debug|Any CPU.Build.0 = Debug|Any CPU
		{3D402FBE-FB2B-40FA-B3AA-CF42EE3DF169}.Release|Any CPU.ActiveCfg = Release|Any CPU
		{3D402FBE-FB2B-40FA-B3AA-CF42EE3DF169}.Release|Any CPU.Build.0 = Release|Any CPU
		{E01C2E81-97D5-4813-AE0A-1C79733EAB4C}.Debug|Any CPU.ActiveCfg = Debug|Any CPU
		{E01C2E81-97D5-4813-AE0A-1C79733EAB4C}.Debug|Any CPU.Build.0 = Debug|Any CPU
		{E01C2E81-97D5-4813-AE0A-1C79733EAB4C}.Release|Any CPU.ActiveCfg = Release|Any CPU
		{E01C2E81-97D5-4813-AE0A-1C79733EAB4C}.Release|Any CPU.Build.0 = Release|Any CPU
	EndGlobalSection
	GlobalSection(SolutionProperties) = preSolution
		HideSolutionNode = FALSE
	EndGlobalSection
	GlobalSection(ExtensibilityGlobals) = postSolution
		SolutionGuid = {CCCBD0A4-8A76-4D6E-AA72-643434861E7B}
	EndGlobalSection
EndGlobal
